
Microsoft Visual Studio Solution File, Format Version 12.00
# Visual Studio Version 17
VisualStudioVersion = 17.0.31903.59
MinimumVisualStudioVersion = 10.0.40219.1
Project("{2150E333-8FDC-42A3-9474-1A3956D46DE8}") = "src", "src", "{827E0CD3-B72D-47B6-A68D-7590B98EB39B}"
EndProject
Project("{FAE04EC0-301F-11D3-BF4B-00C04F79EFBC}") = "ApfsAccess.Core", "src\ApfsAccess.Core\ApfsAccess.Core.csproj", "{AF4C12B9-3E42-4D6F-BE71-4DCC1FF2C80A}"
EndProject
Project("{FAE04EC0-301F-11D3-BF4B-00C04F79EFBC}") = "ApfsAccess.Ipc", "src\ApfsAccess.Ipc\ApfsAccess.Ipc.csproj", "{3F9910B0-DA86-4E75-85B4-0EF252C9CD1F}"
EndProject
Project("{FAE04EC0-301F-11D3-BF4B-00C04F79EFBC}") = "ApfsAccess.Backend.Mock", "src\ApfsAccess.Backend.Mock\ApfsAccess.Backend.Mock.csproj", "{E346EB92-8EAA-42A0-9A89-7E2EB882D666}"
EndProject
Project("{FAE04EC0-301F-11D3-BF4B-00C04F79EFBC}") = "ApfsAccess.Backend.Native", "src\ApfsAccess.Backend.Native\ApfsAccess.Backend.Native.csproj", "{7123BCF2-6F59-4EEF-8A27-A67A7E521F2A}"
EndProject
Project("{FAE04EC0-301F-11D3-BF4B-00C04F79EFBC}") = "ApfsAccess.Service", "src\ApfsAccess.Service\ApfsAccess.Service.csproj", "{357EA3B8-C6E7-41A8-9E7B-41BA9AF43C0A}"
EndProject
Project("{2150E333-8FDC-42A3-9474-1A3956D46DE8}") = "tests", "tests", "{0AB3BF05-4346-4AA6-1389-037BE0695223}"
EndProject
Project("{FAE04EC0-301F-11D3-BF4B-00C04F79EFBC}") = "ApfsAccess.Core.Tests", "tests\ApfsAccess.Core.Tests\ApfsAccess.Core.Tests.csproj", "{F37ED04C-F625-464B-B19F-192D75AE0585}"
EndProject
Project("{FAE04EC0-301F-11D3-BF4B-00C04F79EFBC}") = "ApfsAccess.Ipc.Tests", "tests\ApfsAccess.Ipc.Tests\ApfsAccess.Ipc.Tests.csproj", "{1E414E9B-4B88-43CC-93DC-9BACCA0A79EE}"
EndProject
Project("{FAE04EC0-301F-11D3-BF4B-00C04F79EFBC}") = "ApfsAccess.Tray", "src\ApfsAccess.Tray\ApfsAccess.Tray.csproj", "{C36AD9C5-5ADE-47C0-83F7-CBA0FE14EB56}"
EndProject
Project("{FAE04EC0-301F-11D3-BF4B-00C04F79EFBC}") = "ApfsAccess.Bootstrap", "src\ApfsAccess.Bootstrap\ApfsAccess.Bootstrap.csproj", "{77D76D36-9CD3-44C4-A6C5-FD7D29FC3D89}"
EndProject
Project("{FAE04EC0-301F-11D3-BF4B-00C04F79EFBC}") = "ApfsAccess.Backend.Native.Tests", "tests\ApfsAccess.Backend.Native.Tests\ApfsAccess.Backend.Native.Tests.csproj", "{11B88E59-98A4-4E12-A17F-16D829C0B439}"
EndProject
Project("{FAE04EC0-301F-11D3-BF4B-00C04F79EFBC}") = "ApfsAccess.Service.Tests", "tests\ApfsAccess.Service.Tests\ApfsAccess.Service.Tests.csproj", "{14F4E3A7-0E1C-48D7-B062-4377F96B2418}"
EndProject
Project("{FAE04EC0-301F-11D3-BF4B-00C04F79EFBC}") = "ApfsAccess.Tray.Tests", "tests\ApfsAccess.Tray.Tests\ApfsAccess.Tray.Tests.csproj", "{4BB18A41-8C7F-4906-9DF0-BC659AB46D58}"
EndProject
Global
	GlobalSection(SolutionConfigurationPlatforms) = preSolution
		Debug|Any CPU = Debug|Any CPU
		Debug|x64 = Debug|x64
		Debug|x86 = Debug|x86
		Release|Any CPU = Release|Any CPU
		Release|x64 = Release|x64
		Release|x86 = Release|x86
	EndGlobalSection
	GlobalSection(ProjectConfigurationPlatforms) = postSolution
		{AF4C12B9-3E42-4D6F-BE71-4DCC1FF2C80A}.Debug|Any CPU.ActiveCfg = Debug|Any CPU
		{AF4C12B9-3E42-4D6F-BE71-4DCC1FF2C80A}.Debug|Any CPU.Build.0 = Debug|Any CPU
		{AF4C12B9-3E42-4D6F-BE71-4DCC1FF2C80A}.Debug|x64.ActiveCfg = Debug|Any CPU
		{AF4C12B9-3E42-4D6F-BE71-4DCC1FF2C80A}.Debug|x64.Build.0 = Debug|Any CPU
		{AF4C12B9-3E42-4D6F-BE71-4DCC1FF2C80A}.Debug|x86.ActiveCfg = Debug|Any CPU
		{AF4C12B9-3E42-4D6F-BE71-4DCC1FF2C80A}.Debug|x86.Build.0 = Debug|Any CPU
		{AF4C12B9-3E42-4D6F-BE71-4DCC1FF2C80A}.Release|Any CPU.ActiveCfg = Release|Any CPU
		{AF4C12B9-3E42-4D6F-BE71-4DCC1FF2C80A}.Release|Any CPU.Build.0 = Release|Any CPU
		{AF4C12B9-3E42-4D6F-BE71-4DCC1FF2C80A}.Release|x64.ActiveCfg = Release|Any CPU
		{AF4C12B9-3E42-4D6F-BE71-4DCC1FF2C80A}.Release|x64.Build.0 = Release|Any CPU
		{AF4C12B9-3E42-4D6F-BE71-4DCC1FF2C80A}.Release|x86.ActiveCfg = Release|Any CPU
		{AF4C12B9-3E42-4D6F-BE71-4DCC1FF2C80A}.Release|x86.Build.0 = Release|Any CPU
		{3F9910B0-DA86-4E75-85B4-0EF252C9CD1F}.Debug|Any CPU.ActiveCfg = Debug|Any CPU
		{3F9910B0-DA86-4E75-85B4-0EF252C9CD1F}.Debug|Any CPU.Build.0 = Debug|Any CPU
		{3F9910B0-DA86-4E75-85B4-0EF252C9CD1F}.Debug|x64.ActiveCfg = Debug|Any CPU
		{3F9910B0-DA86-4E75-85B4-0EF252C9CD1F}.Debug|x64.Build.0 = Debug|Any CPU
		{3F9910B0-DA86-4E75-85B4-0EF252C9CD1F}.Debug|x86.ActiveCfg = Debug|Any CPU
		{3F9910B0-DA86-4E75-85B4-0EF252C9CD1F}.Debug|x86.Build.0 = Debug|Any CPU
		{3F9910B0-DA86-4E75-85B4-0EF252C9CD1F}.Release|Any CPU.ActiveCfg = Release|Any CPU
		{3F9910B0-DA86-4E75-85B4-0EF252C9CD1F}.Release|Any CPU.Build.0 = Release|Any CPU
		{3F9910B0-DA86-4E75-85B4-0EF252C9CD1F}.Release|x64.ActiveCfg = Release|Any CPU
		{3F9910B0-DA86-4E75-85B4-0EF252C9CD1F}.Release|x64.Build.0 = Release|Any CPU
		{3F9910B0-DA86-4E75-85B4-0EF252C9CD1F}.Release|x86.ActiveCfg = Release|Any CPU
		{3F9910B0-DA86-4E75-85B4-0EF252C9CD1F}.Release|x86.Build.0 = Release|Any CPU
		{E346EB92-8EAA-42A0-9A89-7E2EB882D666}.Debug|Any CPU.ActiveCfg = Debug|Any CPU
		{E346EB92-8EAA-42A0-9A89-7E2EB882D666}.Debug|Any CPU.Build.0 = Debug|Any CPU
		{E346EB92-8EAA-42A0-9A89-7E2EB882D666}.Debug|x64.ActiveCfg = Debug|Any CPU
		{E346EB92-8EAA-42A0-9A89-7E2EB882D666}.Debug|x64.Build.0 = Debug|Any CPU
		{E346EB92-8EAA-42A0-9A89-7E2EB882D666}.Debug|x86.ActiveCfg = Debug|Any CPU
		{E346EB92-8EAA-42A0-9A89-7E2EB882D666}.Debug|x86.Build.0 = Debug|Any CPU
		{E346EB92-8EAA-42A0-9A89-7E2EB882D666}.Release|Any CPU.ActiveCfg = Release|Any CPU
		{E346EB92-8EAA-42A0-9A89-7E2EB882D666}.Release|Any CPU.Build.0 = Release|Any CPU
		{E346EB92-8EAA-42A0-9A89-7E2EB882D666}.Release|x64.ActiveCfg = Release|Any CPU
		{E346EB92-8EAA-42A0-9A89-7E2EB882D666}.Release|x64.Build.0 = Release|Any CPU
		{E346EB92-8EAA-42A0-9A89-7E2EB882D666}.Release|x86.ActiveCfg = Release|Any CPU
		{E346EB92-8EAA-42A0-9A89-7E2EB882D666}.Release|x86.Build.0 = Release|Any CPU
		{7123BCF2-6F59-4EEF-8A27-A67A7E521F2A}.Debug|Any CPU.ActiveCfg = Debug|Any CPU
		{7123BCF2-6F59-4EEF-8A27-A67A7E521F2A}.Debug|Any CPU.Build.0 = Debug|Any CPU
		{7123BCF2-6F59-4EEF-8A27-A67A7E521F2A}.Debug|x64.ActiveCfg = Debug|Any CPU
		{7123BCF2-6F59-4EEF-8A27-A67A7E521F2A}.Debug|x64.Build.0 = Debug|Any CPU
		{7123BCF2-6F59-4EEF-8A27-A67A7E521F2A}.Debug|x86.ActiveCfg = Debug|Any CPU
		{7123BCF2-6F59-4EEF-8A27-A67A7E521F2A}.Debug|x86.Build.0 = Debug|Any CPU
		{7123BCF2-6F59-4EEF-8A27-A67A7E521F2A}.Release|Any CPU.ActiveCfg = Release|Any CPU
		{7123BCF2-6F59-4EEF-8A27-A67A7E521F2A}.Release|Any CPU.Build.0 = Release|Any CPU
		{7123BCF2-6F59-4EEF-8A27-A67A7E521F2A}.Release|x64.ActiveCfg = Release|Any CPU
		{7123BCF2-6F59-4EEF-8A27-A67A7E521F2A}.Release|x64.Build.0 = Release|Any CPU
		{7123BCF2-6F59-4EEF-8A27-A67A7E521F2A}.Release|x86.ActiveCfg = Release|Any CPU
		{7123BCF2-6F59-4EEF-8A27-A67A7E521F2A}.Release|x86.Build.0 = Release|Any CPU
		{357EA3B8-C6E7-41A8-9E7B-41BA9AF43C0A}.Debug|Any CPU.ActiveCfg = Debug|Any CPU
		{357EA3B8-C6E7-41A8-9E7B-41BA9AF43C0A}.Debug|Any CPU.Build.0 = Debug|Any CPU
		{357EA3B8-C6E7-41A8-9E7B-41BA9AF43C0A}.Debug|x64.ActiveCfg = Debug|Any CPU
		{357EA3B8-C6E7-41A8-9E7B-41BA9AF43C0A}.Debug|x64.Build.0 = Debug|Any CPU
		{357EA3B8-C6E7-41A8-9E7B-41BA9AF43C0A}.Debug|x86.ActiveCfg = Debug|Any CPU
		{357EA3B8-C6E7-41A8-9E7B-41BA9AF43C0A}.Debug|x86.Build.0 = Debug|Any CPU
		{357EA3B8-C6E7-41A8-9E7B-41BA9AF43C0A}.Release|Any CPU.ActiveCfg = Release|Any CPU
		{357EA3B8-C6E7-41A8-9E7B-41BA9AF43C0A}.Release|Any CPU.Build.0 = Release|Any CPU
		{357EA3B8-C6E7-41A8-9E7B-41BA9AF43C0A}.Release|x64.ActiveCfg = Release|Any CPU
		{357EA3B8-C6E7-41A8-9E7B-41BA9AF43C0A}.Release|x64.Build.0 = Release|Any CPU
		{357EA3B8-C6E7-41A8-9E7B-41BA9AF43C0A}.Release|x86.ActiveCfg = Release|Any CPU
		{357EA3B8-C6E7-41A8-9E7B-41BA9AF43C0A}.Release|x86.Build.0 = Release|Any CPU
		{F37ED04C-F625-464B-B19F-192D75AE0585}.Debug|Any CPU.ActiveCfg = Debug|Any CPU
		{F37ED04C-F625-464B-B19F-192D75AE0585}.Debug|Any CPU.Build.0 = Debug|Any CPU
		{F37ED04C-F625-464B-B19F-192D75AE0585}.Debug|x64.ActiveCfg = Debug|Any CPU
		{F37ED04C-F625-464B-B19F-192D75AE0585}.Debug|x64.Build.0 = Debug|Any CPU
		{F37ED04C-F625-464B-B19F-192D75AE0585}.Debug|x86.ActiveCfg = Debug|Any CPU
		{F37ED04C-F625-464B-B19F-192D75AE0585}.Debug|x86.Build.0 = Debug|Any CPU
		{F37ED04C-F625-464B-B19F-192D75AE0585}.Release|Any CPU.ActiveCfg = Release|Any CPU
		{F37ED04C-F625-464B-B19F-192D75AE0585}.Release|Any CPU.Build.0 = Release|Any CPU
		{F37ED04C-F625-464B-B19F-192D75AE0585}.Release|x64.ActiveCfg = Release|Any CPU
		{F37ED04C-F625-464B-B19F-192D75AE0585}.Release|x64.Build.0 = Release|Any CPU
		{F37ED04C-F625-464B-B19F-192D75AE0585}.Release|x86.ActiveCfg = Release|Any CPU
		{F37ED04C-F625-464B-B19F-192D75AE0585}.Release|x86.Build.0 = Release|Any CPU
		{1E414E9B-4B88-43CC-93DC-9BACCA0A79EE}.Debug|Any CPU.ActiveCfg = Debug|Any CPU
		{1E414E9B-4B88-43CC-93DC-9BACCA0A79EE}.Debug|Any CPU.Build.0 = Debug|Any CPU
		{1E414E9B-4B88-43CC-93DC-9BACCA0A79EE}.Debug|x64.ActiveCfg = Debug|Any CPU
		{1E414E9B-4B88-43CC-93DC-9BACCA0A79EE}.Debug|x64.Build.0 = Debug|Any CPU
		{1E414E9B-4B88-43CC-93DC-9BACCA0A79EE}.Debug|x86.ActiveCfg = Debug|Any CPU
		{1E414E9B-4B88-43CC-93DC-9BACCA0A79EE}.Debug|x86.Build.0 = Debug|Any CPU
		{1E414E9B-4B88-43CC-93DC-9BACCA0A79EE}.Release|Any CPU.ActiveCfg = Release|Any CPU
		{1E414E9B-4B88-43CC-93DC-9BACCA0A79EE}.Release|Any CPU.Build.0 = Release|Any CPU
		{1E414E9B-4B88-43CC-93DC-9BACCA0A79EE}.Release|x64.ActiveCfg = Release|Any CPU
		{1E414E9B-4B88-43CC-93DC-9BACCA0A79EE}.Release|x64.Build.0 = Release|Any CPU
		{1E414E9B-4B88-43CC-93DC-9BACCA0A79EE}.Release|x86.ActiveCfg = Release|Any CPU
		{1E414E9B-4B88-43CC-93DC-9BACCA0A79EE}.Release|x86.Build.0 = Release|Any CPU
		{C36AD9C5-5ADE-47C0-83F7-CBA0FE14EB56}.Debug|Any CPU.ActiveCfg = Debug|Any CPU
		{C36AD9C5-5ADE-47C0-83F7-CBA0FE14EB56}.Debug|Any CPU.Build.0 = Debug|Any CPU
		{C36AD9C5-5ADE-47C0-83F7-CBA0FE14EB56}.Debug|x64.ActiveCfg = Debug|Any CPU
		{C36AD9C5-5ADE-47C0-83F7-CBA0FE14EB56}.Debug|x64.Build.0 = Debug|Any CPU
		{C36AD9C5-5ADE-47C0-83F7-CBA0FE14EB56}.Debug|x86.ActiveCfg = Debug|Any CPU
		{C36AD9C5-5ADE-47C0-83F7-CBA0FE14EB56}.Debug|x86.Build.0 = Debug|Any CPU
		{C36AD9C5-5ADE-47C0-83F7-CBA0FE14EB56}.Release|Any CPU.ActiveCfg = Release|Any CPU
		{C36AD9C5-5ADE-47C0-83F7-CBA0FE14EB56}.Release|Any CPU.Build.0 = Release|Any CPU
		{C36AD9C5-5ADE-47C0-83F7-CBA0FE14EB56}.Release|x64.ActiveCfg = Release|Any CPU
		{C36AD9C5-5ADE-47C0-83F7-CBA0FE14EB56}.Release|x64.Build.0 = Release|Any CPU
		{C36AD9C5-5ADE-47C0-83F7-CBA0FE14EB56}.Release|x86.ActiveCfg = Release|Any CPU
		{C36AD9C5-5ADE-47C0-83F7-CBA0FE14EB56}.Release|x86.Build.0 = Release|Any CPU
		{77D76D36-9CD3-44C4-A6C5-FD7D29FC3D89}.Debug|Any CPU.ActiveCfg = Debug|Any CPU
		{77D76D36-9CD3-44C4-A6C5-FD7D29FC3D89}.Debug|Any CPU.Build.0 = Debug|Any CPU
		{77D76D36-9CD3-44C4-A6C5-FD7D29FC3D89}.Debug|x64.ActiveCfg = Debug|Any CPU
		{77D76D36-9CD3-44C4-A6C5-FD7D29FC3D89}.Debug|x64.Build.0 = Debug|Any CPU
		{77D76D36-9CD3-44C4-A6C5-FD7D29FC3D89}.Debug|x86.ActiveCfg = Debug|Any CPU
		{77D76D36-9CD3-44C4-A6C5-FD7D29FC3D89}.Debug|x86.Build.0 = Debug|Any CPU
		{77D76D36-9CD3-44C4-A6C5-FD7D29FC3D89}.Release|Any CPU.ActiveCfg = Release|Any CPU
		{77D76D36-9CD3-44C4-A6C5-FD7D29FC3D89}.Release|Any CPU.Build.0 = Release|Any CPU
		{77D76D36-9CD3-44C4-A6C5-FD7D29FC3D89}.Release|x64.ActiveCfg = Release|Any CPU
		{77D76D36-9CD3-44C4-A6C5-FD7D29FC3D89}.Release|x64.Build.0 = Release|Any CPU
		{77D76D36-9CD3-44C4-A6C5-FD7D29FC3D89}.Release|x86.ActiveCfg = Release|Any CPU
		{77D76D36-9CD3-44C4-A6C5-FD7D29FC3D89}.Release|x86.Build.0 = Release|Any CPU
		{11B88E59-98A4-4E12-A17F-16D829C0B439}.Debug|Any CPU.ActiveCfg = Debug|Any CPU
		{11B88E59-98A4-4E12-A17F-16D829C0B439}.Debug|Any CPU.Build.0 = Debug|Any CPU
		{11B88E59-98A4-4E12-A17F-16D829C0B439}.Debug|x64.ActiveCfg = Debug|Any CPU
		{11B88E59-98A4-4E12-A17F-16D829C0B439}.Debug|x64.Build.0 = Debug|Any CPU
		{11B88E59-98A4-4E12-A17F-16D829C0B439}.Debug|x86.ActiveCfg = Debug|Any CPU
		{11B88E59-98A4-4E12-A17F-16D829C0B439}.Debug|x86.Build.0 = Debug|Any CPU
		{11B88E59-98A4-4E12-A17F-16D829C0B439}.Release|Any CPU.ActiveCfg = Release|Any CPU
		{11B88E59-98A4-4E12-A17F-16D829C0B439}.Release|Any CPU.Build.0 = Release|Any CPU
		{11B88E59-98A4-4E12-A17F-16D829C0B439}.Release|x64.ActiveCfg = Release|Any CPU
		{11B88E59-98A4-4E12-A17F-16D829C0B439}.Release|x64.Build.0 = Release|Any CPU
		{11B88E59-98A4-4E12-A17F-16D829C0B439}.Release|x86.ActiveCfg = Release|Any CPU
		{11B88E59-98A4-4E12-A17F-16D829C0B439}.Release|x86.Build.0 = Release|Any CPU
		{14F4E3A7-0E1C-48D7-B062-4377F96B2418}.Debug|Any CPU.ActiveCfg = Debug|Any CPU
		{14F4E3A7-0E1C-48D7-B062-4377F96B2418}.Debug|Any CPU.Build.0 = Debug|Any CPU
		{14F4E3A7-0E1C-48D7-B062-4377F96B2418}.Debug|x64.ActiveCfg = Debug|Any CPU
		{14F4E3A7-0E1C-48D7-B062-4377F96B2418}.Debug|x64.Build.0 = Debug|Any CPU
		{14F4E3A7-0E1C-48D7-B062-4377F96B2418}.Debug|x86.ActiveCfg = Debug|Any CPU
		{14F4E3A7-0E1C-48D7-B062-4377F96B2418}.Debug|x86.Build.0 = Debug|Any CPU
		{14F4E3A7-0E1C-48D7-B062-4377F96B2418}.Release|Any CPU.ActiveCfg = Release|Any CPU
		{14F4E3A7-0E1C-48D7-B062-4377F96B2418}.Release|Any CPU.Build.0 = Release|Any CPU
		{14F4E3A7-0E1C-48D7-B062-4377F96B2418}.Release|x64.ActiveCfg = Release|Any CPU
		{14F4E3A7-0E1C-48D7-B062-4377F96B2418}.Release|x64.Build.0 = Release|Any CPU
		{14F4E3A7-0E1C-48D7-B062-4377F96B2418}.Release|x86.ActiveCfg = Release|Any CPU
		{14F4E3A7-0E1C-48D7-B062-4377F96B2418}.Release|x86.Build.0 = Release|Any CPU
		{4BB18A41-8C7F-4906-9DF0-BC659AB46D58}.Debug|Any CPU.ActiveCfg = Debug|Any CPU
		{4BB18A41-8C7F-4906-9DF0-BC659AB46D58}.Debug|Any CPU.Build.0 = Debug|Any CPU
		{4BB18A41-8C7F-4906-9DF0-BC659AB46D58}.Debug|x64.ActiveCfg = Debug|Any CPU
		{4BB18A41-8C7F-4906-9DF0-BC659AB46D58}.Debug|x64.Build.0 = Debug|Any CPU
		{4BB18A41-8C7F-4906-9DF0-BC659AB46D58}.Debug|x86.ActiveCfg = Debug|Any CPU
		{4BB18A41-8C7F-4906-9DF0-BC659AB46D58}.Debug|x86.Build.0 = Debug|Any CPU
		{4BB18A41-8C7F-4906-9DF0-BC659AB46D58}.Release|Any CPU.ActiveCfg = Release|Any CPU
		{4BB18A41-8C7F-4906-9DF0-BC659AB46D58}.Release|Any CPU.Build.0 = Release|Any CPU
		{4BB18A41-8C7F-4906-9DF0-BC659AB46D58}.Release|x64.ActiveCfg = Release|Any CPU
		{4BB18A41-8C7F-4906-9DF0-BC659AB46D58}.Release|x64.Build.0 = Release|Any CPU
		{4BB18A41-8C7F-4906-9DF0-BC659AB46D58}.Release|x86.ActiveCfg = Release|Any CPU
		{4BB18A41-8C7F-4906-9DF0-BC659AB46D58}.Release|x86.Build.0 = Release|Any CPU
	EndGlobalSection
	GlobalSection(SolutionProperties) = preSolution
		HideSolutionNode = FALSE
	EndGlobalSection
	GlobalSection(NestedProjects) = preSolution
		{AF4C12B9-3E42-4D6F-BE71-4DCC1FF2C80A} = {827E0CD3-B72D-47B6-A68D-7590B98EB39B}
		{3F9910B0-DA86-4E75-85B4-0EF252C9CD1F} = {827E0CD3-B72D-47B6-A68D-7590B98EB39B}
		{E346EB92-8EAA-42A0-9A89-7E2EB882D666} = {827E0CD3-B72D-47B6-A68D-7590B98EB39B}
		{7123BCF2-6F59-4EEF-8A27-A67A7E521F2A} = {827E0CD3-B72D-47B6-A68D-7590B98EB39B}
		{357EA3B8-C6E7-41A8-9E7B-41BA9AF43C0A} = {827E0CD3-B72D-47B6-A68D-7590B98EB39B}
		{F37ED04C-F625-464B-B19F-192D75AE0585} = {0AB3BF05-4346-4AA6-1389-037BE0695223}
		{1E414E9B-4B88-43CC-93DC-9BACCA0A79EE} = {0AB3BF05-4346-4AA6-1389-037BE0695223}
		{C36AD9C5-5ADE-47C0-83F7-CBA0FE14EB56} = {827E0CD3-B72D-47B6-A68D-7590B98EB39B}
		{77D76D36-9CD3-44C4-A6C5-FD7D29FC3D89} = {827E0CD3-B72D-47B6-A68D-7590B98EB39B}
		{11B88E59-98A4-4E12-A17F-16D829C0B439} = {0AB3BF05-4346-4AA6-1389-037BE0695223}
		{14F4E3A7-0E1C-48D7-B062-4377F96B2418} = {0AB3BF05-4346-4AA6-1389-037BE0695223}
		{4BB18A41-8C7F-4906-9DF0-BC659AB46D58} = {0AB3BF05-4346-4AA6-1389-037BE0695223}
	EndGlobalSection
EndGlobal
